{
    "version": 3,
    "terraform_version": "0.11.1",
    "serial": 22,
    "lineage": "1b8e7262-b3f7-4e5e-8889-45ff9c245f85",
    "modules": [
        {
            "path": [
                "root"
            ],
            "outputs": {
                "bastion_public_ip": {
                    "sensitive": false,
                    "type": "string",
                    "value": "52.201.217.176"
                },
                "cassandra_ips": {
                    "sensitive": false,
                    "type": "list",
                    "value": [
                        "172.31.79.196",
                        "172.31.68.21"
                    ]
                },
                "cassandra_public_ips": {
                    "sensitive": false,
                    "type": "list",
                    "value": [
                        "ec2-54-165-77-10.compute-1.amazonaws.com",
                        "ec2-54-162-250-176.compute-1.amazonaws.com"
                    ]
                },
                "opscenter_ip": {
                    "sensitive": false,
                    "type": "list",
                    "value": [
                        "172.31.67.179"
                    ]
                },
                "opscenter_public_ip": {
                    "sensitive": false,
                    "type": "list",
                    "value": [
                        "ec2-52-91-35-108.compute-1.amazonaws.com"
                    ]
                }
            },
            "resources": {
                "aws_key_pair.cluster_interconnection": {
                    "type": "aws_key_pair",
                    "depends_on": [],
                    "primary": {
                        "id": "cluster_interconnection",
                        "attributes": {
                            "id": "cluster_interconnection",
                            "key_name": "cluster_interconnection",
                            "public_key": "ssh-rsa AAAAB3NzaC1yc2EAAAADAQABAAABAQDRooAYuPwc6Y3oPBOwmOIG90lN54/srCtSncnRVsnutWJ+iEOyrShGxbRZJ8D0NKb7WaK7pxHknxaU7LWsPNbNmqP80dQYRn1m9Lk+2Nly70cEEsDnKBJIkyuL56U/liSftBueB7BC0+kOkAMKWjiDOAUPHtA7GC5TgOJDzkMoa6PuopRQxJFS66z492Pq66ynqsXEK1+emhunImYJK9fZkWhwewf3OTkgm5CbLBZ7nK6bG3GO8fXjWvRMd7vDiDF9NUc6U7sO3pdq3ZPKM6bN5H0h/NXd3QqNpf13xON3H5Qh10Pj9QACpqa7GJURVD071MvgAWi06BwehNoFEdAl mehdi@ubuntu"
                        },
                        "meta": {
                            "schema_version": "1"
                        },
                        "tainted": false
                    },
                    "deposed": [],
                    "provider": "provider.aws"
                }
            },
            "depends_on": []
        },
        {
            "path": [
                "root",
                "bastion"
            ],
            "outputs": {
                "availability_zone": {
                    "sensitive": false,
                    "type": "string",
                    "value": "us-east-1d"
                },
                "bastion_private_ip": {
                    "sensitive": false,
                    "type": "string",
                    "value": "172.31.68.139"
                },
                "bastion_public_ip": {
                    "sensitive": false,
                    "type": "string",
                    "value": "52.201.217.176"
                },
                "subnet_id": {
                    "sensitive": false,
                    "type": "string",
                    "value": "subnet-1a676037"
                }
            },
            "resources": {
                "aws_instance.bastion": {
                    "type": "aws_instance",
                    "depends_on": [],
                    "primary": {
                        "id": "i-08c8d2c98a3dba6af",
                        "attributes": {
                            "ami": "ami-41e0b93b",
                            "associate_public_ip_address": "true",
                            "availability_zone": "us-east-1d",
                            "disable_api_termination": "false",
                            "ebs_block_device.#": "0",
                            "ebs_optimized": "false",
                            "ephemeral_block_device.#": "0",
                            "iam_instance_profile": "",
                            "id": "i-08c8d2c98a3dba6af",
                            "instance_state": "running",
                            "instance_type": "t2.micro",
                            "ipv6_addresses.#": "0",
                            "key_name": "deployer",
                            "monitoring": "false",
                            "network_interface.#": "0",
                            "network_interface_id": "eni-303fb6fa",
                            "placement_group": "",
                            "primary_network_interface_id": "eni-303fb6fa",
                            "private_dns": "ip-172-31-68-139.ec2.internal",
                            "private_ip": "172.31.68.139",
                            "public_dns": "ec2-52-201-217-176.compute-1.amazonaws.com",
                            "public_ip": "52.201.217.176",
                            "root_block_device.#": "1",
                            "root_block_device.0.delete_on_termination": "true",
                            "root_block_device.0.iops": "0",
                            "root_block_device.0.volume_id": "vol-08b26e44c4cc583ae",
                            "root_block_device.0.volume_size": "8",
                            "root_block_device.0.volume_type": "standard",
                            "security_groups.#": "1",
                            "security_groups.3377598180": "Bastion security",
                            "source_dest_check": "true",
                            "subnet_id": "subnet-1a676037",
                            "tags.%": "0",
                            "tenancy": "default",
                            "volume_tags.%": "0",
                            "vpc_security_group_ids.#": "0"
                        },
                        "meta": {
                            "e2bfb730-ecaa-11e6-8f88-34363bc7c4c0": {
                                "create": 600000000000,
                                "delete": 600000000000,
                                "update": 600000000000
                            },
                            "schema_version": "1"
                        },
                        "tainted": false
                    },
                    "deposed": [],
                    "provider": "provider.aws"
                },
                "aws_key_pair.deployer": {
                    "type": "aws_key_pair",
                    "depends_on": [],
                    "primary": {
                        "id": "deployer",
                        "attributes": {
                            "id": "deployer",
                            "key_name": "deployer",
                            "public_key": "ssh-rsa AAAAB3NzaC1yc2EAAAADAQABAAABAQDJjib4nysMC/nZVuouZPsKmh9ud0dIcL5nVW6iJE4V8FrA4c14sQeyvMUVJCGXOqF6zXLLLU3qkinu3gYMiTEFcnnXXfvygxyfHrAf8P9v+nErOMZNfAp19mJHcdKkK+Wp33rZD7j+P3amKKge7i1fpNwQX1C6yNPkBW/XRckFLkB7HnCBSMLxXS0miMRKT2km94loQbkas0DKhUjVBdZ5cxa3Pibn4KHhxsjB2068cfCwe0fO3IEXfu9MctyEj86VsjqAx3ose+RqOvWLJvvLNOpPVSNypCVLiRzfi4hxnVs+GqHINmrF2Z7qAaZWVEwYJAxCYeQ3VFNoJqhEcXFJ mehdi@ubuntu"
                        },
                        "meta": {
                            "schema_version": "1"
                        },
                        "tainted": false
                    },
                    "deposed": [],
                    "provider": "provider.aws"
                }
            },
            "depends_on": []
        },
        {
            "path": [
                "root",
                "cassandra"
            ],
            "outputs": {
                "cassandra_ips": {
                    "sensitive": false,
                    "type": "list",
                    "value": [
                        "172.31.79.196",
                        "172.31.68.21"
                    ]
                },
                "cassandra_public_ips": {
                    "sensitive": false,
                    "type": "list",
                    "value": [
                        "ec2-54-165-77-10.compute-1.amazonaws.com",
                        "ec2-54-162-250-176.compute-1.amazonaws.com"
                    ]
                }
            },
            "resources": {
                "aws_instance.cassandra.0": {
                    "type": "aws_instance",
                    "depends_on": [],
                    "primary": {
                        "id": "i-0f68b5a6f25a89079",
                        "attributes": {
                            "ami": "ami-33e4bc49",
                            "associate_public_ip_address": "true",
                            "availability_zone": "us-east-1d",
                            "disable_api_termination": "false",
                            "ebs_block_device.#": "0",
                            "ebs_optimized": "false",
                            "ephemeral_block_device.#": "0",
                            "iam_instance_profile": "",
                            "id": "i-0f68b5a6f25a89079",
                            "instance_state": "running",
                            "instance_type": "t2.medium",
                            "ipv6_addresses.#": "0",
                            "key_name": "cluster_interconnection",
                            "monitoring": "false",
                            "network_interface.#": "0",
                            "network_interface_id": "eni-e7ca422d",
                            "placement_group": "",
                            "primary_network_interface_id": "eni-e7ca422d",
                            "private_dns": "ip-172-31-79-196.ec2.internal",
                            "private_ip": "172.31.79.196",
                            "public_dns": "ec2-54-165-77-10.compute-1.amazonaws.com",
                            "public_ip": "54.165.77.10",
                            "root_block_device.#": "1",
                            "root_block_device.0.delete_on_termination": "true",
                            "root_block_device.0.iops": "0",
                            "root_block_device.0.volume_id": "vol-01660269544b74eaa",
                            "root_block_device.0.volume_size": "8",
                            "root_block_device.0.volume_type": "standard",
                            "security_groups.#": "0",
                            "source_dest_check": "true",
                            "subnet_id": "subnet-1a676037",
                            "tags.%": "0",
                            "tenancy": "default",
                            "volume_tags.%": "0",
                            "vpc_security_group_ids.#": "2",
                            "vpc_security_group_ids.1523591005": "sg-e3664597",
                            "vpc_security_group_ids.537482774": "sg-b19fbfc5"
                        },
                        "meta": {
                            "e2bfb730-ecaa-11e6-8f88-34363bc7c4c0": {
                                "create": 600000000000,
                                "delete": 600000000000,
                                "update": 600000000000
                            },
                            "schema_version": "1"
                        },
                        "tainted": false
                    },
                    "deposed": [],
                    "provider": "provider.aws"
                },
                "aws_instance.cassandra.1": {
                    "type": "aws_instance",
                    "depends_on": [],
                    "primary": {
                        "id": "i-089e697e89ff5f99f",
                        "attributes": {
                            "ami": "ami-33e4bc49",
                            "associate_public_ip_address": "true",
                            "availability_zone": "us-east-1d",
                            "disable_api_termination": "false",
                            "ebs_block_device.#": "0",
                            "ebs_optimized": "false",
                            "ephemeral_block_device.#": "0",
                            "iam_instance_profile": "",
                            "id": "i-089e697e89ff5f99f",
                            "instance_state": "running",
                            "instance_type": "t2.medium",
                            "ipv6_addresses.#": "0",
                            "key_name": "cluster_interconnection",
                            "monitoring": "false",
                            "network_interface.#": "0",
                            "network_interface_id": "eni-aa33ba60",
                            "placement_group": "",
                            "primary_network_interface_id": "eni-aa33ba60",
                            "private_dns": "ip-172-31-68-21.ec2.internal",
                            "private_ip": "172.31.68.21",
                            "public_dns": "ec2-54-162-250-176.compute-1.amazonaws.com",
                            "public_ip": "54.162.250.176",
                            "root_block_device.#": "1",
                            "root_block_device.0.delete_on_termination": "true",
                            "root_block_device.0.iops": "0",
                            "root_block_device.0.volume_id": "vol-0f0b2987ebfa7c370",
                            "root_block_device.0.volume_size": "8",
                            "root_block_device.0.volume_type": "standard",
                            "security_groups.#": "0",
                            "source_dest_check": "true",
                            "subnet_id": "subnet-1a676037",
                            "tags.%": "0",
                            "tenancy": "default",
                            "volume_tags.%": "0",
                            "vpc_security_group_ids.#": "2",
                            "vpc_security_group_ids.1523591005": "sg-e3664597",
                            "vpc_security_group_ids.537482774": "sg-b19fbfc5"
                        },
                        "meta": {
                            "e2bfb730-ecaa-11e6-8f88-34363bc7c4c0": {
                                "create": 600000000000,
                                "delete": 600000000000,
                                "update": 600000000000
                            },
                            "schema_version": "1"
                        },
                        "tainted": false
                    },
                    "deposed": [],
                    "provider": "provider.aws"
                }
            },
            "depends_on": []
        },
        {
            "path": [
                "root",
                "kafka"
            ],
            "outputs": {
                "kafka_ips": {
                    "sensitive": false,
                    "type": "list",
                    "value": [
                        "172.31.74.83",
                        "172.31.74.120"
                    ]
                }
            },
            "resources": {
                "aws_instance.kafka.0": {
                    "type": "aws_instance",
                    "depends_on": [],
                    "primary": {
                        "id": "i-07d27cb9634aed084",
                        "attributes": {
                            "ami": "ami-41e0b93b",
                            "associate_public_ip_address": "true",
                            "availability_zone": "us-east-1d",
                            "disable_api_termination": "false",
                            "ebs_block_device.#": "0",
                            "ebs_optimized": "false",
                            "ephemeral_block_device.#": "0",
                            "iam_instance_profile": "",
                            "id": "i-07d27cb9634aed084",
                            "instance_state": "running",
                            "instance_type": "t2.micro",
                            "ipv6_addresses.#": "0",
                            "key_name": "cluster_interconnection",
                            "monitoring": "false",
                            "network_interface.#": "0",
                            "network_interface_id": "eni-a034bd6a",
                            "placement_group": "",
                            "primary_network_interface_id": "eni-a034bd6a",
                            "private_dns": "ip-172-31-74-83.ec2.internal",
                            "private_ip": "172.31.74.83",
                            "public_dns": "ec2-54-210-250-114.compute-1.amazonaws.com",
                            "public_ip": "54.210.250.114",
                            "root_block_device.#": "1",
                            "root_block_device.0.delete_on_termination": "true",
                            "root_block_device.0.iops": "0",
                            "root_block_device.0.volume_id": "vol-068651b4494da605e",
                            "root_block_device.0.volume_size": "8",
                            "root_block_device.0.volume_type": "standard",
                            "security_groups.#": "0",
                            "source_dest_check": "true",
                            "subnet_id": "subnet-1a676037",
                            "tags.%": "0",
                            "tenancy": "default",
                            "volume_tags.%": "0",
                            "vpc_security_group_ids.#": "2",
                            "vpc_security_group_ids.2366593247": "sg-5a6f4c2e",
                            "vpc_security_group_ids.537482774": "sg-b19fbfc5"
                        },
                        "meta": {
                            "e2bfb730-ecaa-11e6-8f88-34363bc7c4c0": {
                                "create": 600000000000,
                                "delete": 600000000000,
                                "update": 600000000000
                            },
                            "schema_version": "1"
                        },
                        "tainted": false
                    },
                    "deposed": [],
                    "provider": "provider.aws"
                },
                "aws_instance.kafka.1": {
                    "type": "aws_instance",
                    "depends_on": [],
                    "primary": {
                        "id": "i-09f6266e6d023cf64",
                        "attributes": {
                            "ami": "ami-41e0b93b",
                            "associate_public_ip_address": "true",
                            "availability_zone": "us-east-1d",
                            "disable_api_termination": "false",
                            "ebs_block_device.#": "0",
                            "ebs_optimized": "false",
                            "ephemeral_block_device.#": "0",
                            "iam_instance_profile": "",
                            "id": "i-09f6266e6d023cf64",
                            "instance_state": "running",
                            "instance_type": "t2.micro",
                            "ipv6_addresses.#": "0",
                            "key_name": "cluster_interconnection",
                            "monitoring": "false",
                            "network_interface.#": "0",
                            "network_interface_id": "eni-5832bb92",
                            "placement_group": "",
                            "primary_network_interface_id": "eni-5832bb92",
                            "private_dns": "ip-172-31-74-120.ec2.internal",
                            "private_ip": "172.31.74.120",
                            "public_dns": "ec2-54-80-22-152.compute-1.amazonaws.com",
                            "public_ip": "54.80.22.152",
                            "root_block_device.#": "1",
                            "root_block_device.0.delete_on_termination": "true",
                            "root_block_device.0.iops": "0",
                            "root_block_device.0.volume_id": "vol-020d4b5cd3348957f",
                            "root_block_device.0.volume_size": "8",
                            "root_block_device.0.volume_type": "standard",
                            "security_groups.#": "0",
                            "source_dest_check": "true",
                            "subnet_id": "subnet-1a676037",
                            "tags.%": "0",
                            "tenancy": "default",
                            "volume_tags.%": "0",
                            "vpc_security_group_ids.#": "2",
                            "vpc_security_group_ids.2366593247": "sg-5a6f4c2e",
                            "vpc_security_group_ids.537482774": "sg-b19fbfc5"
                        },
                        "meta": {
                            "e2bfb730-ecaa-11e6-8f88-34363bc7c4c0": {
                                "create": 600000000000,
                                "delete": 600000000000,
                                "update": 600000000000
                            },
                            "schema_version": "1"
                        },
                        "tainted": false
                    },
                    "deposed": [],
                    "provider": "provider.aws"
                }
            },
            "depends_on": []
        },
        {
            "path": [
                "root",
                "mesos"
            ],
            "outputs": {
                "mesos_master_ips": {
                    "sensitive": false,
                    "type": "list",
                    "value": [
                        "172.31.78.206",
                        "172.31.72.163"
                    ]
                },
                "mesos_slave_ips": {
                    "sensitive": false,
                    "type": "list",
                    "value": [
                        "172.31.77.230",
                        "172.31.76.10",
                        "172.31.66.182"
                    ]
                }
            },
            "resources": {
                "aws_instance.mesos_master.0": {
                    "type": "aws_instance",
                    "depends_on": [],
                    "primary": {
                        "id": "i-0bd7a3d238b36bb35",
                        "attributes": {
                            "ami": "ami-41e0b93b",
                            "associate_public_ip_address": "true",
                            "availability_zone": "us-east-1d",
                            "disable_api_termination": "false",
                            "ebs_block_device.#": "0",
                            "ebs_optimized": "false",
                            "ephemeral_block_device.#": "0",
                            "iam_instance_profile": "",
                            "id": "i-0bd7a3d238b36bb35",
                            "instance_state": "running",
                            "instance_type": "t2.micro",
                            "ipv6_addresses.#": "0",
                            "key_name": "cluster_interconnection",
                            "monitoring": "false",
                            "network_interface.#": "0",
                            "network_interface_id": "eni-20c840ea",
                            "placement_group": "",
                            "primary_network_interface_id": "eni-20c840ea",
                            "private_dns": "ip-172-31-78-206.ec2.internal",
                            "private_ip": "172.31.78.206",
                            "public_dns": "ec2-54-175-1-86.compute-1.amazonaws.com",
                            "public_ip": "54.175.1.86",
                            "root_block_device.#": "1",
                            "root_block_device.0.delete_on_termination": "true",
                            "root_block_device.0.iops": "0",
                            "root_block_device.0.volume_id": "vol-01f2ec9ab9cb7dee6",
                            "root_block_device.0.volume_size": "8",
                            "root_block_device.0.volume_type": "standard",
                            "security_groups.#": "0",
                            "source_dest_check": "true",
                            "subnet_id": "subnet-1a676037",
                            "tags.%": "0",
                            "tenancy": "default",
                            "volume_tags.%": "0",
                            "vpc_security_group_ids.#": "2",
                            "vpc_security_group_ids.407211148": "sg-996645ed",
                            "vpc_security_group_ids.537482774": "sg-b19fbfc5"
                        },
                        "meta": {
                            "e2bfb730-ecaa-11e6-8f88-34363bc7c4c0": {
                                "create": 600000000000,
                                "delete": 600000000000,
                                "update": 600000000000
                            },
                            "schema_version": "1"
                        },
                        "tainted": false
                    },
                    "deposed": [],
                    "provider": "provider.aws"
                },
                "aws_instance.mesos_master.1": {
                    "type": "aws_instance",
                    "depends_on": [],
                    "primary": {
                        "id": "i-0f315861bb736a4f5",
                        "attributes": {
                            "ami": "ami-41e0b93b",
                            "associate_public_ip_address": "true",
                            "availability_zone": "us-east-1d",
                            "disable_api_termination": "false",
                            "ebs_block_device.#": "0",
                            "ebs_optimized": "false",
                            "ephemeral_block_device.#": "0",
                            "iam_instance_profile": "",
                            "id": "i-0f315861bb736a4f5",
                            "instance_state": "running",
                            "instance_type": "t2.micro",
                            "ipv6_addresses.#": "0",
                            "key_name": "cluster_interconnection",
                            "monitoring": "false",
                            "network_interface.#": "0",
                            "network_interface_id": "eni-8835bc42",
                            "placement_group": "",
                            "primary_network_interface_id": "eni-8835bc42",
                            "private_dns": "ip-172-31-72-163.ec2.internal",
                            "private_ip": "172.31.72.163",
                            "public_dns": "ec2-52-23-247-226.compute-1.amazonaws.com",
                            "public_ip": "52.23.247.226",
                            "root_block_device.#": "1",
                            "root_block_device.0.delete_on_termination": "true",
                            "root_block_device.0.iops": "0",
                            "root_block_device.0.volume_id": "vol-0b2175d62961a49fc",
                            "root_block_device.0.volume_size": "8",
                            "root_block_device.0.volume_type": "standard",
                            "security_groups.#": "0",
                            "source_dest_check": "true",
                            "subnet_id": "subnet-1a676037",
                            "tags.%": "0",
                            "tenancy": "default",
                            "volume_tags.%": "0",
                            "vpc_security_group_ids.#": "2",
                            "vpc_security_group_ids.407211148": "sg-996645ed",
                            "vpc_security_group_ids.537482774": "sg-b19fbfc5"
                        },
                        "meta": {
                            "e2bfb730-ecaa-11e6-8f88-34363bc7c4c0": {
                                "create": 600000000000,
                                "delete": 600000000000,
                                "update": 600000000000
                            },
                            "schema_version": "1"
                        },
                        "tainted": false
                    },
                    "deposed": [],
                    "provider": "provider.aws"
                },
                "aws_instance.mesos_slave.0": {
                    "type": "aws_instance",
                    "depends_on": [],
                    "primary": {
                        "id": "i-057f0915aed74e004",
                        "attributes": {
                            "ami": "ami-41e0b93b",
                            "associate_public_ip_address": "true",
                            "availability_zone": "us-east-1d",
                            "disable_api_termination": "false",
                            "ebs_block_device.#": "0",
                            "ebs_optimized": "false",
                            "ephemeral_block_device.#": "0",
                            "iam_instance_profile": "",
                            "id": "i-057f0915aed74e004",
                            "instance_state": "running",
                            "instance_type": "t2.micro",
                            "ipv6_addresses.#": "0",
                            "key_name": "cluster_interconnection",
                            "monitoring": "false",
                            "network_interface.#": "0",
                            "network_interface_id": "eni-283eb7e2",
                            "placement_group": "",
                            "primary_network_interface_id": "eni-283eb7e2",
                            "private_dns": "ip-172-31-77-230.ec2.internal",
                            "private_ip": "172.31.77.230",
                            "public_dns": "ec2-34-239-104-239.compute-1.amazonaws.com",
                            "public_ip": "34.239.104.239",
                            "root_block_device.#": "1",
                            "root_block_device.0.delete_on_termination": "true",
                            "root_block_device.0.iops": "0",
                            "root_block_device.0.volume_id": "vol-0d5c804b0bc452fc0",
                            "root_block_device.0.volume_size": "8",
                            "root_block_device.0.volume_type": "standard",
                            "security_groups.#": "0",
                            "source_dest_check": "true",
                            "subnet_id": "subnet-1a676037",
                            "tags.%": "0",
                            "tenancy": "default",
                            "volume_tags.%": "0",
                            "vpc_security_group_ids.#": "2",
                            "vpc_security_group_ids.407211148": "sg-996645ed",
                            "vpc_security_group_ids.537482774": "sg-b19fbfc5"
                        },
                        "meta": {
                            "e2bfb730-ecaa-11e6-8f88-34363bc7c4c0": {
                                "create": 600000000000,
                                "delete": 600000000000,
                                "update": 600000000000
                            },
                            "schema_version": "1"
                        },
                        "tainted": false
                    },
                    "deposed": [],
                    "provider": "provider.aws"
                },
                "aws_instance.mesos_slave.1": {
                    "type": "aws_instance",
                    "depends_on": [],
                    "primary": {
                        "id": "i-023312d948afb73cb",
                        "attributes": {
                            "ami": "ami-41e0b93b",
                            "associate_public_ip_address": "true",
                            "availability_zone": "us-east-1d",
                            "disable_api_termination": "false",
                            "ebs_block_device.#": "0",
                            "ebs_optimized": "false",
                            "ephemeral_block_device.#": "0",
                            "iam_instance_profile": "",
                            "id": "i-023312d948afb73cb",
                            "instance_state": "running",
                            "instance_type": "t2.micro",
                            "ipv6_addresses.#": "0",
                            "key_name": "cluster_interconnection",
                            "monitoring": "false",
                            "network_interface.#": "0",
                            "network_interface_id": "eni-0036bfca",
                            "placement_group": "",
                            "primary_network_interface_id": "eni-0036bfca",
                            "private_dns": "ip-172-31-76-10.ec2.internal",
                            "private_ip": "172.31.76.10",
                            "public_dns": "ec2-34-207-127-159.compute-1.amazonaws.com",
                            "public_ip": "34.207.127.159",
                            "root_block_device.#": "1",
                            "root_block_device.0.delete_on_termination": "true",
                            "root_block_device.0.iops": "0",
                            "root_block_device.0.volume_id": "vol-08e2f7ee527d6a066",
                            "root_block_device.0.volume_size": "8",
                            "root_block_device.0.volume_type": "standard",
                            "security_groups.#": "0",
                            "source_dest_check": "true",
                            "subnet_id": "subnet-1a676037",
                            "tags.%": "0",
                            "tenancy": "default",
                            "volume_tags.%": "0",
                            "vpc_security_group_ids.#": "2",
                            "vpc_security_group_ids.407211148": "sg-996645ed",
                            "vpc_security_group_ids.537482774": "sg-b19fbfc5"
                        },
                        "meta": {
                            "e2bfb730-ecaa-11e6-8f88-34363bc7c4c0": {
                                "create": 600000000000,
                                "delete": 600000000000,
                                "update": 600000000000
                            },
                            "schema_version": "1"
                        },
                        "tainted": false
                    },
                    "deposed": [],
                    "provider": "provider.aws"
                },
                "aws_instance.mesos_slave.2": {
                    "type": "aws_instance",
                    "depends_on": [],
                    "primary": {
                        "id": "i-056bf786de5e47018",
                        "attributes": {
                            "ami": "ami-41e0b93b",
                            "associate_public_ip_address": "true",
                            "availability_zone": "us-east-1d",
                            "disable_api_termination": "false",
                            "ebs_block_device.#": "0",
                            "ebs_optimized": "false",
                            "ephemeral_block_device.#": "0",
                            "iam_instance_profile": "",
                            "id": "i-056bf786de5e47018",
                            "instance_state": "running",
                            "instance_type": "t2.micro",
                            "ipv6_addresses.#": "0",
                            "key_name": "cluster_interconnection",
                            "monitoring": "false",
                            "network_interface.#": "0",
                            "network_interface_id": "eni-2cca42e6",
                            "placement_group": "",
                            "primary_network_interface_id": "eni-2cca42e6",
                            "private_dns": "ip-172-31-66-182.ec2.internal",
                            "private_ip": "172.31.66.182",
                            "public_dns": "ec2-34-201-65-87.compute-1.amazonaws.com",
                            "public_ip": "34.201.65.87",
                            "root_block_device.#": "1",
                            "root_block_device.0.delete_on_termination": "true",
                            "root_block_device.0.iops": "0",
                            "root_block_device.0.volume_id": "vol-0b70a02b338587a39",
                            "root_block_device.0.volume_size": "8",
                            "root_block_device.0.volume_type": "standard",
                            "security_groups.#": "0",
                            "source_dest_check": "true",
                            "subnet_id": "subnet-1a676037",
                            "tags.%": "0",
                            "tenancy": "default",
                            "volume_tags.%": "0",
                            "vpc_security_group_ids.#": "2",
                            "vpc_security_group_ids.407211148": "sg-996645ed",
                            "vpc_security_group_ids.537482774": "sg-b19fbfc5"
                        },
                        "meta": {
                            "e2bfb730-ecaa-11e6-8f88-34363bc7c4c0": {
                                "create": 600000000000,
                                "delete": 600000000000,
                                "update": 600000000000
                            },
                            "schema_version": "1"
                        },
                        "tainted": false
                    },
                    "deposed": [],
                    "provider": "provider.aws"
                }
            },
            "depends_on": []
        },
        {
            "path": [
                "root",
                "opscenter"
            ],
            "outputs": {
                "opscenter_ip": {
                    "sensitive": false,
                    "type": "list",
                    "value": [
                        "172.31.67.179"
                    ]
                },
                "opscenter_public_ip": {
                    "sensitive": false,
                    "type": "list",
                    "value": [
                        "ec2-52-91-35-108.compute-1.amazonaws.com"
                    ]
                }
            },
            "resources": {
                "aws_instance.opscenter": {
                    "type": "aws_instance",
                    "depends_on": [],
                    "primary": {
                        "id": "i-04e464ec7ffbc0721",
                        "attributes": {
                            "ami": "ami-33e4bc49",
                            "associate_public_ip_address": "true",
                            "availability_zone": "us-east-1d",
                            "disable_api_termination": "false",
                            "ebs_block_device.#": "0",
                            "ebs_optimized": "false",
                            "ephemeral_block_device.#": "0",
                            "iam_instance_profile": "",
                            "id": "i-04e464ec7ffbc0721",
                            "instance_state": "running",
                            "instance_type": "t2.micro",
                            "ipv6_addresses.#": "0",
                            "key_name": "cluster_interconnection",
                            "monitoring": "false",
                            "network_interface.#": "0",
                            "network_interface_id": "eni-1230b9d8",
                            "placement_group": "",
                            "primary_network_interface_id": "eni-1230b9d8",
                            "private_dns": "ip-172-31-67-179.ec2.internal",
                            "private_ip": "172.31.67.179",
                            "public_dns": "ec2-52-91-35-108.compute-1.amazonaws.com",
                            "public_ip": "52.91.35.108",
                            "root_block_device.#": "1",
                            "root_block_device.0.delete_on_termination": "true",
                            "root_block_device.0.iops": "0",
                            "root_block_device.0.volume_id": "vol-0aa1d8f2569131670",
                            "root_block_device.0.volume_size": "8",
                            "root_block_device.0.volume_type": "standard",
                            "security_groups.#": "0",
                            "source_dest_check": "true",
                            "subnet_id": "subnet-1a676037",
                            "tags.%": "0",
                            "tenancy": "default",
                            "volume_tags.%": "0",
                            "vpc_security_group_ids.#": "2",
                            "vpc_security_group_ids.1328138897": "sg-956043e1",
                            "vpc_security_group_ids.537482774": "sg-b19fbfc5"
                        },
                        "meta": {
                            "e2bfb730-ecaa-11e6-8f88-34363bc7c4c0": {
                                "create": 600000000000,
                                "delete": 600000000000,
                                "update": 600000000000
                            },
                            "schema_version": "1"
                        },
                        "tainted": false
                    },
                    "deposed": [],
                    "provider": "provider.aws"
                }
            },
            "depends_on": []
        },
        {
            "path": [
                "root",
                "producer"
            ],
            "outputs": {
                "producer_ip": {
                    "sensitive": false,
                    "type": "list",
                    "value": [
                        "172.31.64.138"
                    ]
                }
            },
            "resources": {
                "aws_instance.producer": {
                    "type": "aws_instance",
                    "depends_on": [],
                    "primary": {
                        "id": "i-03177ef92e68cb19d",
                        "attributes": {
                            "ami": "ami-41e0b93b",
                            "associate_public_ip_address": "true",
                            "availability_zone": "us-east-1d",
                            "disable_api_termination": "false",
                            "ebs_block_device.#": "0",
                            "ebs_optimized": "false",
                            "ephemeral_block_device.#": "0",
                            "iam_instance_profile": "",
                            "id": "i-03177ef92e68cb19d",
                            "instance_state": "running",
                            "instance_type": "t2.micro",
                            "ipv6_addresses.#": "0",
                            "key_name": "cluster_interconnection",
                            "monitoring": "false",
                            "network_interface.#": "0",
                            "network_interface_id": "eni-2b3eb7e1",
                            "placement_group": "",
                            "primary_network_interface_id": "eni-2b3eb7e1",
                            "private_dns": "ip-172-31-64-138.ec2.internal",
                            "private_ip": "172.31.64.138",
                            "public_dns": "ec2-52-70-179-199.compute-1.amazonaws.com",
                            "public_ip": "52.70.179.199",
                            "root_block_device.#": "1",
                            "root_block_device.0.delete_on_termination": "true",
                            "root_block_device.0.iops": "0",
                            "root_block_device.0.volume_id": "vol-0a1f9590d8691460d",
                            "root_block_device.0.volume_size": "8",
                            "root_block_device.0.volume_type": "standard",
                            "security_groups.#": "0",
                            "source_dest_check": "true",
                            "subnet_id": "subnet-1a676037",
                            "tags.%": "0",
                            "tenancy": "default",
                            "volume_tags.%": "0",
                            "vpc_security_group_ids.#": "1",
                            "vpc_security_group_ids.537482774": "sg-b19fbfc5"
                        },
                        "meta": {
                            "e2bfb730-ecaa-11e6-8f88-34363bc7c4c0": {
                                "create": 600000000000,
                                "delete": 600000000000,
                                "update": 600000000000
                            },
                            "schema_version": "1"
                        },
                        "tainted": false
                    },
                    "deposed": [],
                    "provider": "provider.aws"
                }
            },
            "depends_on": []
        },
        {
            "path": [
                "root",
                "security_groups"
            ],
            "outputs": {
                "bastion_ssh_only": {
                    "sensitive": false,
                    "type": "string",
                    "value": "Bastion security"
                },
                "cassandra_specific": {
                    "sensitive": false,
                    "type": "string",
                    "value": "sg-e3664597"
                },
                "cluster_security_group": {
                    "sensitive": false,
                    "type": "string",
                    "value": "sg-b19fbfc5"
                },
                "kafka_specific": {
                    "sensitive": false,
                    "type": "string",
                    "value": "sg-5a6f4c2e"
                },
                "mesos_specific": {
                    "sensitive": false,
                    "type": "string",
                    "value": "sg-996645ed"
                },
                "opscenter_specific": {
                    "sensitive": false,
                    "type": "string",
                    "value": "sg-956043e1"
                },
                "zookeeper_specific": {
                    "sensitive": false,
                    "type": "string",
                    "value": "sg-53634027"
                }
            },
            "resources": {
                "aws_security_group.bastion_ssh_only": {
                    "type": "aws_security_group",
                    "depends_on": [],
                    "primary": {
                        "id": "sg-909ebee4",
                        "attributes": {
                            "description": "entry point for configuration",
                            "egress.#": "1",
                            "egress.482069346.cidr_blocks.#": "1",
                            "egress.482069346.cidr_blocks.0": "0.0.0.0/0",
                            "egress.482069346.description": "",
                            "egress.482069346.from_port": "0",
                            "egress.482069346.ipv6_cidr_blocks.#": "0",
                            "egress.482069346.prefix_list_ids.#": "0",
                            "egress.482069346.protocol": "-1",
                            "egress.482069346.security_groups.#": "0",
                            "egress.482069346.self": "false",
                            "egress.482069346.to_port": "0",
                            "id": "sg-909ebee4",
                            "ingress.#": "1",
                            "ingress.2541437006.cidr_blocks.#": "1",
                            "ingress.2541437006.cidr_blocks.0": "0.0.0.0/0",
                            "ingress.2541437006.description": "",
                            "ingress.2541437006.from_port": "22",
                            "ingress.2541437006.ipv6_cidr_blocks.#": "0",
                            "ingress.2541437006.protocol": "tcp",
                            "ingress.2541437006.security_groups.#": "0",
                            "ingress.2541437006.self": "false",
                            "ingress.2541437006.to_port": "22",
                            "name": "Bastion security",
                            "owner_id": "621873683576",
                            "revoke_rules_on_delete": "false",
                            "tags.%": "0",
                            "vpc_id": "vpc-a6e4bbc0"
                        },
                        "meta": {
                            "schema_version": "1"
                        },
                        "tainted": false
                    },
                    "deposed": [],
                    "provider": "provider.aws"
                },
                "aws_security_group.cassandra_specific": {
                    "type": "aws_security_group",
                    "depends_on": [
                        "aws_security_group.bastion_ssh_only",
                        "data.aws_subnet.bastion_subnet"
                    ],
                    "primary": {
                        "id": "sg-e3664597",
                        "attributes": {
                            "description": "cassandra specific security rules",
                            "egress.#": "1",
                            "egress.482069346.cidr_blocks.#": "1",
                            "egress.482069346.cidr_blocks.0": "0.0.0.0/0",
                            "egress.482069346.description": "",
                            "egress.482069346.from_port": "0",
                            "egress.482069346.ipv6_cidr_blocks.#": "0",
                            "egress.482069346.prefix_list_ids.#": "0",
                            "egress.482069346.protocol": "-1",
                            "egress.482069346.security_groups.#": "0",
                            "egress.482069346.self": "false",
                            "egress.482069346.to_port": "0",
                            "id": "sg-e3664597",
                            "ingress.#": "2",
                            "ingress.3872307842.cidr_blocks.#": "1",
                            "ingress.3872307842.cidr_blocks.0": "172.31.64.0/20",
                            "ingress.3872307842.description": "",
                            "ingress.3872307842.from_port": "7000",
                            "ingress.3872307842.ipv6_cidr_blocks.#": "0",
                            "ingress.3872307842.protocol": "tcp",
                            "ingress.3872307842.security_groups.#": "0",
                            "ingress.3872307842.self": "false",
                            "ingress.3872307842.to_port": "7000",
                            "ingress.482069346.cidr_blocks.#": "1",
                            "ingress.482069346.cidr_blocks.0": "0.0.0.0/0",
                            "ingress.482069346.description": "",
                            "ingress.482069346.from_port": "0",
                            "ingress.482069346.ipv6_cidr_blocks.#": "0",
                            "ingress.482069346.protocol": "-1",
                            "ingress.482069346.security_groups.#": "0",
                            "ingress.482069346.self": "false",
                            "ingress.482069346.to_port": "0",
                            "name": "cassandra specific rules",
                            "owner_id": "621873683576",
                            "revoke_rules_on_delete": "false",
                            "tags.%": "0",
                            "vpc_id": "vpc-a6e4bbc0"
                        },
                        "meta": {
                            "schema_version": "1"
                        },
                        "tainted": false
                    },
                    "deposed": [],
                    "provider": "provider.aws"
                },
                "aws_security_group.cluster_security_group": {
                    "type": "aws_security_group",
                    "depends_on": [
                        "aws_security_group.bastion_ssh_only",
                        "data.aws_subnet.bastion_subnet"
                    ],
                    "primary": {
                        "id": "sg-b19fbfc5",
                        "attributes": {
                            "description": "cluster nodes for configuration",
                            "egress.#": "1",
                            "egress.482069346.cidr_blocks.#": "1",
                            "egress.482069346.cidr_blocks.0": "0.0.0.0/0",
                            "egress.482069346.description": "",
                            "egress.482069346.from_port": "0",
                            "egress.482069346.ipv6_cidr_blocks.#": "0",
                            "egress.482069346.prefix_list_ids.#": "0",
                            "egress.482069346.protocol": "-1",
                            "egress.482069346.security_groups.#": "0",
                            "egress.482069346.self": "false",
                            "egress.482069346.to_port": "0",
                            "id": "sg-b19fbfc5",
                            "ingress.#": "3",
                            "ingress.1615874081.cidr_blocks.#": "1",
                            "ingress.1615874081.cidr_blocks.0": "172.31.64.0/20",
                            "ingress.1615874081.description": "",
                            "ingress.1615874081.from_port": "20000",
                            "ingress.1615874081.ipv6_cidr_blocks.#": "0",
                            "ingress.1615874081.protocol": "tcp",
                            "ingress.1615874081.security_groups.#": "0",
                            "ingress.1615874081.self": "false",
                            "ingress.1615874081.to_port": "60999",
                            "ingress.2541437006.cidr_blocks.#": "1",
                            "ingress.2541437006.cidr_blocks.0": "0.0.0.0/0",
                            "ingress.2541437006.description": "",
                            "ingress.2541437006.from_port": "22",
                            "ingress.2541437006.ipv6_cidr_blocks.#": "0",
                            "ingress.2541437006.protocol": "tcp",
                            "ingress.2541437006.security_groups.#": "0",
                            "ingress.2541437006.self": "false",
                            "ingress.2541437006.to_port": "22",
                            "ingress.352117909.cidr_blocks.#": "1",
                            "ingress.352117909.cidr_blocks.0": "172.31.68.139/32",
                            "ingress.352117909.description": "",
                            "ingress.352117909.from_port": "0",
                            "ingress.352117909.ipv6_cidr_blocks.#": "0",
                            "ingress.352117909.protocol": "-1",
                            "ingress.352117909.security_groups.#": "0",
                            "ingress.352117909.self": "false",
                            "ingress.352117909.to_port": "0",
                            "name": "nodes security",
                            "owner_id": "621873683576",
                            "revoke_rules_on_delete": "false",
                            "tags.%": "0",
                            "vpc_id": "vpc-a6e4bbc0"
                        },
                        "meta": {
                            "schema_version": "1"
                        },
                        "tainted": false
                    },
                    "deposed": [],
                    "provider": "provider.aws"
                },
                "aws_security_group.kafka_specific": {
                    "type": "aws_security_group",
                    "depends_on": [
                        "aws_security_group.bastion_ssh_only",
                        "data.aws_subnet.bastion_subnet"
                    ],
                    "primary": {
                        "id": "sg-5a6f4c2e",
                        "attributes": {
                            "description": "kafka specific security rules",
                            "egress.#": "0",
                            "id": "sg-5a6f4c2e",
                            "ingress.#": "1",
                            "ingress.2352222668.cidr_blocks.#": "1",
                            "ingress.2352222668.cidr_blocks.0": "172.31.64.0/20",
                            "ingress.2352222668.description": "",
                            "ingress.2352222668.from_port": "9092",
                            "ingress.2352222668.ipv6_cidr_blocks.#": "0",
                            "ingress.2352222668.protocol": "tcp",
                            "ingress.2352222668.security_groups.#": "0",
                            "ingress.2352222668.self": "false",
                            "ingress.2352222668.to_port": "9093",
                            "name": "kafka specific rules",
                            "owner_id": "621873683576",
                            "revoke_rules_on_delete": "false",
                            "tags.%": "0",
                            "vpc_id": "vpc-a6e4bbc0"
                        },
                        "meta": {
                            "schema_version": "1"
                        },
                        "tainted": false
                    },
                    "deposed": [],
                    "provider": "provider.aws"
                },
                "aws_security_group.mesos_specific": {
                    "type": "aws_security_group",
                    "depends_on": [
                        "aws_security_group.bastion_ssh_only",
                        "data.aws_subnet.bastion_subnet"
                    ],
                    "primary": {
                        "id": "sg-996645ed",
                        "attributes": {
                            "description": "mesos specific security rules",
                            "egress.#": "0",
                            "id": "sg-996645ed",
                            "ingress.#": "1",
                            "ingress.1586795604.cidr_blocks.#": "1",
                            "ingress.1586795604.cidr_blocks.0": "172.31.64.0/20",
                            "ingress.1586795604.description": "",
                            "ingress.1586795604.from_port": "5050",
                            "ingress.1586795604.ipv6_cidr_blocks.#": "0",
                            "ingress.1586795604.protocol": "tcp",
                            "ingress.1586795604.security_groups.#": "0",
                            "ingress.1586795604.self": "false",
                            "ingress.1586795604.to_port": "5051",
                            "name": "mesos specific rules",
                            "owner_id": "621873683576",
                            "revoke_rules_on_delete": "false",
                            "tags.%": "0",
                            "vpc_id": "vpc-a6e4bbc0"
                        },
                        "meta": {
                            "schema_version": "1"
                        },
                        "tainted": false
                    },
                    "deposed": [],
                    "provider": "provider.aws"
                },
                "aws_security_group.opscenter_specific": {
                    "type": "aws_security_group",
                    "depends_on": [
                        "aws_security_group.bastion_ssh_only"
                    ],
                    "primary": {
                        "id": "sg-956043e1",
                        "attributes": {
                            "description": "opscenter specific security rules",
                            "egress.#": "1",
                            "egress.482069346.cidr_blocks.#": "1",
                            "egress.482069346.cidr_blocks.0": "0.0.0.0/0",
                            "egress.482069346.description": "",
                            "egress.482069346.from_port": "0",
                            "egress.482069346.ipv6_cidr_blocks.#": "0",
                            "egress.482069346.prefix_list_ids.#": "0",
                            "egress.482069346.protocol": "-1",
                            "egress.482069346.security_groups.#": "0",
                            "egress.482069346.self": "false",
                            "egress.482069346.to_port": "0",
                            "id": "sg-956043e1",
                            "ingress.#": "1",
                            "ingress.482069346.cidr_blocks.#": "1",
                            "ingress.482069346.cidr_blocks.0": "0.0.0.0/0",
                            "ingress.482069346.description": "",
                            "ingress.482069346.from_port": "0",
                            "ingress.482069346.ipv6_cidr_blocks.#": "0",
                            "ingress.482069346.protocol": "-1",
                            "ingress.482069346.security_groups.#": "0",
                            "ingress.482069346.self": "false",
                            "ingress.482069346.to_port": "0",
                            "name": "opscenter specific rules",
                            "owner_id": "621873683576",
                            "revoke_rules_on_delete": "false",
                            "tags.%": "0",
                            "vpc_id": "vpc-a6e4bbc0"
                        },
                        "meta": {
                            "schema_version": "1"
                        },
                        "tainted": false
                    },
                    "deposed": [],
                    "provider": "provider.aws"
                },
                "aws_security_group.zookeeper_specific": {
                    "type": "aws_security_group",
                    "depends_on": [
                        "aws_security_group.bastion_ssh_only",
                        "data.aws_subnet.bastion_subnet"
                    ],
                    "primary": {
                        "id": "sg-53634027",
                        "attributes": {
                            "description": "zookeeper specific security rules",
                            "egress.#": "0",
                            "id": "sg-53634027",
                            "ingress.#": "3",
                            "ingress.2102022268.cidr_blocks.#": "1",
                            "ingress.2102022268.cidr_blocks.0": "172.31.64.0/20",
                            "ingress.2102022268.description": "",
                            "ingress.2102022268.from_port": "2888",
                            "ingress.2102022268.ipv6_cidr_blocks.#": "0",
                            "ingress.2102022268.protocol": "tcp",
                            "ingress.2102022268.security_groups.#": "0",
                            "ingress.2102022268.self": "false",
                            "ingress.2102022268.to_port": "2888",
                            "ingress.2394203324.cidr_blocks.#": "1",
                            "ingress.2394203324.cidr_blocks.0": "172.31.64.0/20",
                            "ingress.2394203324.description": "",
                            "ingress.2394203324.from_port": "3888",
                            "ingress.2394203324.ipv6_cidr_blocks.#": "0",
                            "ingress.2394203324.protocol": "tcp",
                            "ingress.2394203324.security_groups.#": "0",
                            "ingress.2394203324.self": "false",
                            "ingress.2394203324.to_port": "3888",
                            "ingress.610954146.cidr_blocks.#": "1",
                            "ingress.610954146.cidr_blocks.0": "172.31.64.0/20",
                            "ingress.610954146.description": "",
                            "ingress.610954146.from_port": "2180",
                            "ingress.610954146.ipv6_cidr_blocks.#": "0",
                            "ingress.610954146.protocol": "tcp",
                            "ingress.610954146.security_groups.#": "0",
                            "ingress.610954146.self": "false",
                            "ingress.610954146.to_port": "2181",
                            "name": "zookeeper specific rules",
                            "owner_id": "621873683576",
                            "revoke_rules_on_delete": "false",
                            "tags.%": "0",
                            "vpc_id": "vpc-a6e4bbc0"
                        },
                        "meta": {
                            "schema_version": "1"
                        },
                        "tainted": false
                    },
                    "deposed": [],
                    "provider": "provider.aws"
                },
                "data.aws_subnet.bastion_subnet": {
                    "type": "aws_subnet",
                    "depends_on": [],
                    "primary": {
                        "id": "subnet-1a676037",
                        "attributes": {
                            "assign_ipv6_address_on_creation": "false",
                            "availability_zone": "us-east-1d",
                            "cidr_block": "172.31.64.0/20",
                            "default_for_az": "true",
                            "id": "subnet-1a676037",
                            "map_public_ip_on_launch": "true",
                            "state": "available",
                            "tags.%": "0",
                            "vpc_id": "vpc-a6e4bbc0"
                        },
                        "meta": {},
                        "tainted": false
                    },
                    "deposed": [],
                    "provider": "provider.aws"
                }
            },
            "depends_on": []
        },
        {
            "path": [
                "root",
                "zookeeper"
            ],
            "outputs": {
                "zookeeper_ips": {
                    "sensitive": false,
                    "type": "list",
                    "value": [
                        "172.31.66.158",
                        "172.31.65.253",
                        "172.31.65.133"
                    ]
                }
            },
            "resources": {
                "aws_instance.zookeeper.0": {
                    "type": "aws_instance",
                    "depends_on": [],
                    "primary": {
                        "id": "i-0fbedb9dab1fff806",
                        "attributes": {
                            "ami": "ami-41e0b93b",
                            "associate_public_ip_address": "true",
                            "availability_zone": "us-east-1d",
                            "disable_api_termination": "false",
                            "ebs_block_device.#": "0",
                            "ebs_optimized": "false",
                            "ephemeral_block_device.#": "0",
                            "iam_instance_profile": "",
                            "id": "i-0fbedb9dab1fff806",
                            "instance_state": "running",
                            "instance_type": "t2.micro",
                            "ipv6_addresses.#": "0",
                            "key_name": "cluster_interconnection",
                            "monitoring": "false",
                            "network_interface.#": "0",
                            "network_interface_id": "eni-5b32bb91",
                            "placement_group": "",
                            "primary_network_interface_id": "eni-5b32bb91",
                            "private_dns": "ip-172-31-66-158.ec2.internal",
                            "private_ip": "172.31.66.158",
                            "public_dns": "ec2-52-90-221-39.compute-1.amazonaws.com",
                            "public_ip": "52.90.221.39",
                            "root_block_device.#": "1",
                            "root_block_device.0.delete_on_termination": "true",
                            "root_block_device.0.iops": "0",
                            "root_block_device.0.volume_id": "vol-08d7c0955a5fc7979",
                            "root_block_device.0.volume_size": "8",
                            "root_block_device.0.volume_type": "standard",
                            "security_groups.#": "0",
                            "source_dest_check": "true",
                            "subnet_id": "subnet-1a676037",
                            "tags.%": "0",
                            "tenancy": "default",
                            "volume_tags.%": "0",
                            "vpc_security_group_ids.#": "2",
                            "vpc_security_group_ids.537482774": "sg-b19fbfc5",
                            "vpc_security_group_ids.573128907": "sg-53634027"
                        },
                        "meta": {
                            "e2bfb730-ecaa-11e6-8f88-34363bc7c4c0": {
                                "create": 600000000000,
                                "delete": 600000000000,
                                "update": 600000000000
                            },
                            "schema_version": "1"
                        },
                        "tainted": false
                    },
                    "deposed": [],
                    "provider": "provider.aws"
                },
                "aws_instance.zookeeper.1": {
                    "type": "aws_instance",
                    "depends_on": [],
                    "primary": {
                        "id": "i-0c06c6668933b8875",
                        "attributes": {
                            "ami": "ami-41e0b93b",
                            "associate_public_ip_address": "true",
                            "availability_zone": "us-east-1d",
                            "disable_api_termination": "false",
                            "ebs_block_device.#": "0",
                            "ebs_optimized": "false",
                            "ephemeral_block_device.#": "0",
                            "iam_instance_profile": "",
                            "id": "i-0c06c6668933b8875",
                            "instance_state": "running",
                            "instance_type": "t2.micro",
                            "ipv6_addresses.#": "0",
                            "key_name": "cluster_interconnection",
                            "monitoring": "false",
                            "network_interface.#": "0",
                            "network_interface_id": "eni-d232bb18",
                            "placement_group": "",
                            "primary_network_interface_id": "eni-d232bb18",
                            "private_dns": "ip-172-31-65-253.ec2.internal",
                            "private_ip": "172.31.65.253",
                            "public_dns": "ec2-54-146-136-6.compute-1.amazonaws.com",
                            "public_ip": "54.146.136.6",
                            "root_block_device.#": "1",
                            "root_block_device.0.delete_on_termination": "true",
                            "root_block_device.0.iops": "0",
                            "root_block_device.0.volume_id": "vol-06c1eb9a301681b07",
                            "root_block_device.0.volume_size": "8",
                            "root_block_device.0.volume_type": "standard",
                            "security_groups.#": "0",
                            "source_dest_check": "true",
                            "subnet_id": "subnet-1a676037",
                            "tags.%": "0",
                            "tenancy": "default",
                            "volume_tags.%": "0",
                            "vpc_security_group_ids.#": "2",
                            "vpc_security_group_ids.537482774": "sg-b19fbfc5",
                            "vpc_security_group_ids.573128907": "sg-53634027"
                        },
                        "meta": {
                            "e2bfb730-ecaa-11e6-8f88-34363bc7c4c0": {
                                "create": 600000000000,
                                "delete": 600000000000,
                                "update": 600000000000
                            },
                            "schema_version": "1"
                        },
                        "tainted": false
                    },
                    "deposed": [],
                    "provider": "provider.aws"
                },
                "aws_instance.zookeeper.2": {
                    "type": "aws_instance",
                    "depends_on": [],
                    "primary": {
                        "id": "i-061b7da36dd045309",
                        "attributes": {
                            "ami": "ami-41e0b93b",
                            "associate_public_ip_address": "true",
                            "availability_zone": "us-east-1d",
                            "disable_api_termination": "false",
                            "ebs_block_device.#": "0",
                            "ebs_optimized": "false",
                            "ephemeral_block_device.#": "0",
                            "iam_instance_profile": "",
                            "id": "i-061b7da36dd045309",
                            "instance_state": "running",
                            "instance_type": "t2.micro",
                            "ipv6_addresses.#": "0",
                            "key_name": "cluster_interconnection",
                            "monitoring": "false",
                            "network_interface.#": "0",
                            "network_interface_id": "eni-5133ba9b",
                            "placement_group": "",
                            "primary_network_interface_id": "eni-5133ba9b",
                            "private_dns": "ip-172-31-65-133.ec2.internal",
                            "private_ip": "172.31.65.133",
                            "public_dns": "ec2-54-159-3-116.compute-1.amazonaws.com",
                            "public_ip": "54.159.3.116",
                            "root_block_device.#": "1",
                            "root_block_device.0.delete_on_termination": "true",
                            "root_block_device.0.iops": "0",
                            "root_block_device.0.volume_id": "vol-051c2c1c5177c2586",
                            "root_block_device.0.volume_size": "8",
                            "root_block_device.0.volume_type": "standard",
                            "security_groups.#": "0",
                            "source_dest_check": "true",
                            "subnet_id": "subnet-1a676037",
                            "tags.%": "0",
                            "tenancy": "default",
                            "volume_tags.%": "0",
                            "vpc_security_group_ids.#": "2",
                            "vpc_security_group_ids.537482774": "sg-b19fbfc5",
                            "vpc_security_group_ids.573128907": "sg-53634027"
                        },
                        "meta": {
                            "e2bfb730-ecaa-11e6-8f88-34363bc7c4c0": {
                                "create": 600000000000,
                                "delete": 600000000000,
                                "update": 600000000000
                            },
                            "schema_version": "1"
                        },
                        "tainted": false
                    },
                    "deposed": [],
                    "provider": "provider.aws"
                }
            },
            "depends_on": []
        }
    ]
}
